// !$*UTF8*$!
{
	archiveVersion = 1;
	classes = {
	};
	objectVersion = 60;
	objects = {

/* Begin PBXBuildFile section */
		3041DE022F55337E00D61F1F /* WhisperKit in Frameworks */ = {isa = PBXBuildFile; productRef = A10009001 /* WhisperKit */; };
		A10009010 /* Sparkle in Frameworks */ = {isa = PBXBuildFile; productRef = A10009011 /* Sparkle */; };
		A10001001 /* VoomApp.swift in Sources */ = {isa = PBXBuildFile; fileRef = A10002001 /* VoomApp.swift */; };
		A10001002 /* AppState.swift in Sources */ = {isa = PBXBuildFile; fileRef = A10002002 /* AppState.swift */; };
		A10001004 /* LibraryWindow.swift in Sources */ = {isa = PBXBuildFile; fileRef = A10002004 /* LibraryWindow.swift */; };
		A10001005 /* PlayerView.swift in Sources */ = {isa = PBXBuildFile; fileRef = A10002005 /* PlayerView.swift */; };
		A10001007 /* Recording.swift in Sources */ = {isa = PBXBuildFile; fileRef = A10002007 /* Recording.swift */; };
		A10001008 /* ScreenRecorder.swift in Sources */ = {isa = PBXBuildFile; fileRef = A10002008 /* ScreenRecorder.swift */; };
		A10001009 /* CameraCapture.swift in Sources */ = {isa = PBXBuildFile; fileRef = A10002009 /* CameraCapture.swift */; };
		A10001010 /* FrameCompositor.swift in Sources */ = {isa = PBXBuildFile; fileRef = A10002010 /* FrameCompositor.swift */; };
		A10001011 /* VideoWriter.swift in Sources */ = {isa = PBXBuildFile; fileRef = A10002011 /* VideoWriter.swift */; };
		A10001012 /* TranscriptionService.swift in Sources */ = {isa = PBXBuildFile; fileRef = A10002012 /* TranscriptionService.swift */; };
		A10001013 /* RecordingStorage.swift in Sources */ = {isa = PBXBuildFile; fileRef = A10002013 /* RecordingStorage.swift */; };
		A10001014 /* Assets.xcassets in Resources */ = {isa = PBXBuildFile; fileRef = A10002014 /* Assets.xcassets */; };
		A10001015 /* CameraPreviewView.swift in Sources */ = {isa = PBXBuildFile; fileRef = A10002017 /* CameraPreviewView.swift */; };
		A10001016 /* NativePlayerView.swift in Sources */ = {isa = PBXBuildFile; fileRef = A10002018 /* NativePlayerView.swift */; };
		A10001017 /* RecordingOverlay.swift in Sources */ = {isa = PBXBuildFile; fileRef = A10002019 /* RecordingOverlay.swift */; };
		A10001018 /* AppDelegate.swift in Sources */ = {isa = PBXBuildFile; fileRef = A10002020 /* AppDelegate.swift */; };
		A10001019 /* ControlPanelView.swift in Sources */ = {isa = PBXBuildFile; fileRef = A10002021 /* ControlPanelView.swift */; };
		A10001020 /* ControlPanelManager.swift in Sources */ = {isa = PBXBuildFile; fileRef = A10002022 /* ControlPanelManager.swift */; };
		A10009021 /* CountdownOverlay.swift in Sources */ = {isa = PBXBuildFile; fileRef = A10009020 /* CountdownOverlay.swift */; };
		A10009031 /* DisplayPicker.swift in Sources */ = {isa = PBXBuildFile; fileRef = A10009030 /* DisplayPicker.swift */; };
		A10009041 /* Theme.swift in Sources */ = {isa = PBXBuildFile; fileRef = A10009040 /* Theme.swift */; };
		A10009051 /* ShareService.swift in Sources */ = {isa = PBXBuildFile; fileRef = A10009050 /* ShareService.swift */; };
		A10009061 /* SettingsView.swift in Sources */ = {isa = PBXBuildFile; fileRef = A10009060 /* SettingsView.swift */; };
		D4F6B8C0E2A4D6F8B0C2E4A6 /* InlineSettingsView.swift in Sources */ = {isa = PBXBuildFile; fileRef = C3E5A7B9D1F3A5C7E9B1D3F5 /* InlineSettingsView.swift */; };
		A10009071 /* OnboardingView.swift in Sources */ = {isa = PBXBuildFile; fileRef = A10009070 /* OnboardingView.swift */; };
		A10009081 /* GlobalHotkey.swift in Sources */ = {isa = PBXBuildFile; fileRef = A10009080 /* GlobalHotkey.swift */; };
		A10009091 /* ToastOverlay.swift in Sources */ = {isa = PBXBuildFile; fileRef = A10009090 /* ToastOverlay.swift */; };
		A10009101 /* TextAnalysisService.swift in Sources */ = {isa = PBXBuildFile; fileRef = A10009100 /* TextAnalysisService.swift */; };
		042557EE8F2A4F204E1B08B3 /* Folder.swift in Sources */ = {isa = PBXBuildFile; fileRef = 5B957058D4314DA218DFFD92 /* Folder.swift */; };
		C88E3E9D6252C0246E669B2B /* Annotation.swift in Sources */ = {isa = PBXBuildFile; fileRef = 1B3E7A3BC9AA6F788796145E /* Annotation.swift */; };
		950B9DDF70673E1EF79B2592 /* CameraOnlyRecorder.swift in Sources */ = {isa = PBXBuildFile; fileRef = 56901B55FB1EEE4EBA2A7900 /* CameraOnlyRecorder.swift */; };
		F639D7279356240701F64776 /* VideoEditor.swift in Sources */ = {isa = PBXBuildFile; fileRef = 14B6E44E75F934668CB951E8 /* VideoEditor.swift */; };
		F03AC56DDBB86EFDA3A43C76 /* FillerWordDetector.swift in Sources */ = {isa = PBXBuildFile; fileRef = 760E2E06DF8F442AB73F4B64 /* FillerWordDetector.swift */; };
		CA29E40CFDDC9649D3649113 /* GIFExporter.swift in Sources */ = {isa = PBXBuildFile; fileRef = 5184F82573AAD949B103725A /* GIFExporter.swift */; };
		D529D177BB0E6B53CFC49D9A /* ViewNotificationService.swift in Sources */ = {isa = PBXBuildFile; fileRef = 9C49C88AC1A93C0F59F95E4A /* ViewNotificationService.swift */; };
		B04B8D5B0A0DCCE2E6FAAE1A /* AnnotationOverlay.swift in Sources */ = {isa = PBXBuildFile; fileRef = 6F1B859C84CB7A44AFF4E3A9 /* AnnotationOverlay.swift */; };
		64D86073DFD9D7EC9CA27E05 /* AnnotationToolbar.swift in Sources */ = {isa = PBXBuildFile; fileRef = 97E6F160020DC12A67366CF7 /* AnnotationToolbar.swift */; };
		EB5D182176B346C35EA148E9 /* RegionSelector.swift in Sources */ = {isa = PBXBuildFile; fileRef = E5F62201DF7112D57351F750 /* RegionSelector.swift */; };
		1056F2812BC517F06659A708 /* TrimView.swift in Sources */ = {isa = PBXBuildFile; fileRef = 8B3BD4E85C9A3307AC4DB577 /* TrimView.swift */; };
		5F958621AEBCB1F0EE222894 /* CutSpliceView.swift in Sources */ = {isa = PBXBuildFile; fileRef = FFDEBDE922D4BAEF4661EF66 /* CutSpliceView.swift */; };
		AB52FEA7E24C83286D60D0E0 /* ChapterView.swift in Sources */ = {isa = PBXBuildFile; fileRef = EC24AAAF50FB392D2C36351C /* ChapterView.swift */; };
		E14BCD5FB42BE4CD9C358BAA /* FillerWordSheet.swift in Sources */ = {isa = PBXBuildFile; fileRef = 71AB4284447814B1D09F3494 /* FillerWordSheet.swift */; };
		B2D4F6A8C0E2D4F6A8B0C2E4 /* ShareSettingsSheet.swift in Sources */ = {isa = PBXBuildFile; fileRef = A1C3D5E7F9B2A4C6E8D0F1A3 /* ShareSettingsSheet.swift */; };
		36882B0EA506A4CD702A8DD7 /* FolderRow.swift in Sources */ = {isa = PBXBuildFile; fileRef = 9F09AAD33B5DD0F4B37D50D7 /* FolderRow.swift */; };
		3583B5CB28528F88B818C029 /* CreateFolderSheet.swift in Sources */ = {isa = PBXBuildFile; fileRef = A5B8F0625718DC1FB5B11915 /* CreateFolderSheet.swift */; };
		EB030D819B4963073A112855 /* StitchSheet.swift in Sources */ = {isa = PBXBuildFile; fileRef = 9B99777057266A65C2DA21A6 /* StitchSheet.swift */; };
		B3E119C1C2816FBCD6EE077F /* TagManager.swift in Sources */ = {isa = PBXBuildFile; fileRef = E5995C11C4373DCD98BC11A7 /* TagManager.swift */; };
		BB1E82A02048325BF6FDB3C1 /* TagFilterView.swift in Sources */ = {isa = PBXBuildFile; fileRef = E38B9F4C385C5B8C908DDAAC /* TagFilterView.swift */; };
		8B3D5F7A9C1E2D4F6B8A0C3E /* CloudflareDeployService.swift in Sources */ = {isa = PBXBuildFile; fileRef = 7A2C4E6F8B0D1E3F5A7C9B2D /* CloudflareDeployService.swift */; };
		D5E7F9A1B3C5D7E9F1A3B5C7 /* SelfHostSetupView.swift in Sources */ = {isa = PBXBuildFile; fileRef = C4D6E8F0A2B4C6D8E0F2A4B6 /* SelfHostSetupView.swift */; };
		F7A9B1C3D5E7F9A1B3C5D7E9 /* WorkerBundle in Resources */ = {isa = PBXBuildFile; fileRef = E6F8A0B2C4D6E8F0A2B4C6D8 /* WorkerBundle */; };
/* End PBXBuildFile section */

/* Begin PBXFileReference section */
		A10002001 /* VoomApp.swift */ = {isa = PBXFileReference; lastKnownFileType = sourcecode.swift; path = VoomApp.swift; sourceTree = "<group>"; };
		A10002002 /* AppState.swift */ = {isa = PBXFileReference; lastKnownFileType = sourcecode.swift; path = AppState.swift; sourceTree = "<group>"; };
		A10002004 /* LibraryWindow.swift */ = {isa = PBXFileReference; lastKnownFileType = sourcecode.swift; path = LibraryWindow.swift; sourceTree = "<group>"; };
		A10002005 /* PlayerView.swift */ = {isa = PBXFileReference; lastKnownFileType = sourcecode.swift; path = PlayerView.swift; sourceTree = "<group>"; };
		A10002007 /* Recording.swift */ = {isa = PBXFileReference; lastKnownFileType = sourcecode.swift; path = Recording.swift; sourceTree = "<group>"; };
		A10002008 /* ScreenRecorder.swift */ = {isa = PBXFileReference; lastKnownFileType = sourcecode.swift; path = ScreenRecorder.swift; sourceTree = "<group>"; };
		A10002009 /* CameraCapture.swift */ = {isa = PBXFileReference; lastKnownFileType = sourcecode.swift; path = CameraCapture.swift; sourceTree = "<group>"; };
		A10002010 /* FrameCompositor.swift */ = {isa = PBXFileReference; lastKnownFileType = sourcecode.swift; path = FrameCompositor.swift; sourceTree = "<group>"; };
		A10002011 /* VideoWriter.swift */ = {isa = PBXFileReference; lastKnownFileType = sourcecode.swift; path = VideoWriter.swift; sourceTree = "<group>"; };
		A10002012 /* TranscriptionService.swift */ = {isa = PBXFileReference; lastKnownFileType = sourcecode.swift; path = TranscriptionService.swift; sourceTree = "<group>"; };
		A10002013 /* RecordingStorage.swift */ = {isa = PBXFileReference; lastKnownFileType = sourcecode.swift; path = RecordingStorage.swift; sourceTree = "<group>"; };
		A10002014 /* Assets.xcassets */ = {isa = PBXFileReference; lastKnownFileType = folder.assetcatalog; path = Assets.xcassets; sourceTree = "<group>"; };
		A10002015 /* Info.plist */ = {isa = PBXFileReference; lastKnownFileType = text.plist.xml; path = Info.plist; sourceTree = "<group>"; };
		A10002016 /* Voom.entitlements */ = {isa = PBXFileReference; lastKnownFileType = text.plist.entitlements; path = Voom.entitlements; sourceTree = "<group>"; };
		A10002017 /* CameraPreviewView.swift */ = {isa = PBXFileReference; lastKnownFileType = sourcecode.swift; path = CameraPreviewView.swift; sourceTree = "<group>"; };
		A10002018 /* NativePlayerView.swift */ = {isa = PBXFileReference; lastKnownFileType = sourcecode.swift; path = NativePlayerView.swift; sourceTree = "<group>"; };
		A10002019 /* RecordingOverlay.swift */ = {isa = PBXFileReference; lastKnownFileType = sourcecode.swift; path = RecordingOverlay.swift; sourceTree = "<group>"; };
		A10002020 /* AppDelegate.swift */ = {isa = PBXFileReference; lastKnownFileType = sourcecode.swift; path = AppDelegate.swift; sourceTree = "<group>"; };
		A10002021 /* ControlPanelView.swift */ = {isa = PBXFileReference; lastKnownFileType = sourcecode.swift; path = ControlPanelView.swift; sourceTree = "<group>"; };
		A10002022 /* ControlPanelManager.swift */ = {isa = PBXFileReference; lastKnownFileType = sourcecode.swift; path = ControlPanelManager.swift; sourceTree = "<group>"; };
		A10003000 /* Voom.app */ = {isa = PBXFileReference; explicitFileType = wrapper.application; includeInIndex = 0; path = Voom.app; sourceTree = BUILT_PRODUCTS_DIR; };
		A10009020 /* CountdownOverlay.swift */ = {isa = PBXFileReference; lastKnownFileType = sourcecode.swift; path = CountdownOverlay.swift; sourceTree = "<group>"; };
		A10009030 /* DisplayPicker.swift */ = {isa = PBXFileReference; lastKnownFileType = sourcecode.swift; path = DisplayPicker.swift; sourceTree = "<group>"; };
		A10009040 /* Theme.swift */ = {isa = PBXFileReference; lastKnownFileType = sourcecode.swift; path = Theme.swift; sourceTree = "<group>"; };
		A10009050 /* ShareService.swift */ = {isa = PBXFileReference; lastKnownFileType = sourcecode.swift; path = ShareService.swift; sourceTree = "<group>"; };
		A10009060 /* SettingsView.swift */ = {isa = PBXFileReference; lastKnownFileType = sourcecode.swift; path = SettingsView.swift; sourceTree = "<group>"; };
		C3E5A7B9D1F3A5C7E9B1D3F5 /* InlineSettingsView.swift */ = {isa = PBXFileReference; lastKnownFileType = sourcecode.swift; path = InlineSettingsView.swift; sourceTree = "<group>"; };
		A10009070 /* OnboardingView.swift */ = {isa = PBXFileReference; lastKnownFileType = sourcecode.swift; path = OnboardingView.swift; sourceTree = "<group>"; };
		A10009080 /* GlobalHotkey.swift */ = {isa = PBXFileReference; lastKnownFileType = sourcecode.swift; path = GlobalHotkey.swift; sourceTree = "<group>"; };
		A10009090 /* ToastOverlay.swift */ = {isa = PBXFileReference; lastKnownFileType = sourcecode.swift; path = ToastOverlay.swift; sourceTree = "<group>"; };
		A10009100 /* TextAnalysisService.swift */ = {isa = PBXFileReference; lastKnownFileType = sourcecode.swift; path = TextAnalysisService.swift; sourceTree = "<group>"; };
		5B957058D4314DA218DFFD92 /* Folder.swift */ = {isa = PBXFileReference; lastKnownFileType = sourcecode.swift; path = Folder.swift; sourceTree = "<group>"; };
		1B3E7A3BC9AA6F788796145E /* Annotation.swift */ = {isa = PBXFileReference; lastKnownFileType = sourcecode.swift; path = Annotation.swift; sourceTree = "<group>"; };
		56901B55FB1EEE4EBA2A7900 /* CameraOnlyRecorder.swift */ = {isa = PBXFileReference; lastKnownFileType = sourcecode.swift; path = CameraOnlyRecorder.swift; sourceTree = "<group>"; };
		14B6E44E75F934668CB951E8 /* VideoEditor.swift */ = {isa = PBXFileReference; lastKnownFileType = sourcecode.swift; path = VideoEditor.swift; sourceTree = "<group>"; };
		760E2E06DF8F442AB73F4B64 /* FillerWordDetector.swift */ = {isa = PBXFileReference; lastKnownFileType = sourcecode.swift; path = FillerWordDetector.swift; sourceTree = "<group>"; };
		5184F82573AAD949B103725A /* GIFExporter.swift */ = {isa = PBXFileReference; lastKnownFileType = sourcecode.swift; path = GIFExporter.swift; sourceTree = "<group>"; };
		9C49C88AC1A93C0F59F95E4A /* ViewNotificationService.swift */ = {isa = PBXFileReference; lastKnownFileType = sourcecode.swift; path = ViewNotificationService.swift; sourceTree = "<group>"; };
		6F1B859C84CB7A44AFF4E3A9 /* AnnotationOverlay.swift */ = {isa = PBXFileReference; lastKnownFileType = sourcecode.swift; path = AnnotationOverlay.swift; sourceTree = "<group>"; };
		97E6F160020DC12A67366CF7 /* AnnotationToolbar.swift */ = {isa = PBXFileReference; lastKnownFileType = sourcecode.swift; path = AnnotationToolbar.swift; sourceTree = "<group>"; };
		E5F62201DF7112D57351F750 /* RegionSelector.swift */ = {isa = PBXFileReference; lastKnownFileType = sourcecode.swift; path = RegionSelector.swift; sourceTree = "<group>"; };
		8B3BD4E85C9A3307AC4DB577 /* TrimView.swift */ = {isa = PBXFileReference; lastKnownFileType = sourcecode.swift; path = TrimView.swift; sourceTree = "<group>"; };
		FFDEBDE922D4BAEF4661EF66 /* CutSpliceView.swift */ = {isa = PBXFileReference; lastKnownFileType = sourcecode.swift; path = CutSpliceView.swift; sourceTree = "<group>"; };
		EC24AAAF50FB392D2C36351C /* ChapterView.swift */ = {isa = PBXFileReference; lastKnownFileType = sourcecode.swift; path = ChapterView.swift; sourceTree = "<group>"; };
		71AB4284447814B1D09F3494 /* FillerWordSheet.swift */ = {isa = PBXFileReference; lastKnownFileType = sourcecode.swift; path = FillerWordSheet.swift; sourceTree = "<group>"; };
		A1C3D5E7F9B2A4C6E8D0F1A3 /* ShareSettingsSheet.swift */ = {isa = PBXFileReference; lastKnownFileType = sourcecode.swift; path = ShareSettingsSheet.swift; sourceTree = "<group>"; };
		9F09AAD33B5DD0F4B37D50D7 /* FolderRow.swift */ = {isa = PBXFileReference; lastKnownFileType = sourcecode.swift; path = FolderRow.swift; sourceTree = "<group>"; };
		A5B8F0625718DC1FB5B11915 /* CreateFolderSheet.swift */ = {isa = PBXFileReference; lastKnownFileType = sourcecode.swift; path = CreateFolderSheet.swift; sourceTree = "<group>"; };
		9B99777057266A65C2DA21A6 /* StitchSheet.swift */ = {isa = PBXFileReference; lastKnownFileType = sourcecode.swift; path = StitchSheet.swift; sourceTree = "<group>"; };
		E5995C11C4373DCD98BC11A7 /* TagManager.swift */ = {isa = PBXFileReference; lastKnownFileType = sourcecode.swift; path = TagManager.swift; sourceTree = "<group>"; };
		E38B9F4C385C5B8C908DDAAC /* TagFilterView.swift */ = {isa = PBXFileReference; lastKnownFileType = sourcecode.swift; path = TagFilterView.swift; sourceTree = "<group>"; };
		7A2C4E6F8B0D1E3F5A7C9B2D /* CloudflareDeployService.swift */ = {isa = PBXFileReference; lastKnownFileType = sourcecode.swift; path = CloudflareDeployService.swift; sourceTree = "<group>"; };
		C4D6E8F0A2B4C6D8E0F2A4B6 /* SelfHostSetupView.swift */ = {isa = PBXFileReference; lastKnownFileType = sourcecode.swift; path = SelfHostSetupView.swift; sourceTree = "<group>"; };
		E6F8A0B2C4D6E8F0A2B4C6D8 /* WorkerBundle */ = {isa = PBXFileReference; lastKnownFileType = folder; path = WorkerBundle; sourceTree = "<group>"; };
/* End PBXFileReference section */

/* Begin PBXFrameworksBuildPhase section */
		A10004000 /* Frameworks */ = {
			isa = PBXFrameworksBuildPhase;
			buildActionMask = 2147483647;
			files = (
				3041DE022F55337E00D61F1F /* WhisperKit in Frameworks */,
				A10009010 /* Sparkle in Frameworks */,
			);
			runOnlyForDeploymentPostprocessing = 0;
		};
/* End PBXFrameworksBuildPhase section */

/* Begin PBXGroup section */
		A10005000 = {
			isa = PBXGroup;
			children = (
				A10005001 /* Voom */,
				A10005099 /* Products */,
			);
			sourceTree = "<group>";
		};
		A10005001 /* Voom */ = {
			isa = PBXGroup;
			children = (
				A10005002 /* App */,
				A10005003 /* Views */,
				A10005010 /* Models */,
				A10005011 /* Services */,
				A10005020 /* Resources */,
			);
			path = Voom;
			sourceTree = "<group>";
		};
		A10005002 /* App */ = {
			isa = PBXGroup;
			children = (
				A10002001 /* VoomApp.swift */,
				A10002002 /* AppState.swift */,
				A10002020 /* AppDelegate.swift */,
			);
			path = App;
			sourceTree = "<group>";
		};
		A10005003 /* Views */ = {
			isa = PBXGroup;
			children = (
				A10009040 /* Theme.swift */,
				A10005019 /* Components */,
				A10005009 /* Panel */,
				A10005004 /* MenuBar */,
				A10005005 /* Library */,
				A10005006 /* Player */,
				A10005008 /* Overlay */,
				A10005017 /* Settings */,
				A10005018 /* Onboarding */,
			);
			path = Views;
			sourceTree = "<group>";
		};
		A10005004 /* MenuBar */ = {
			isa = PBXGroup;
			children = (
				A10002017 /* CameraPreviewView.swift */,
			);
			path = MenuBar;
			sourceTree = "<group>";
		};
		A10005005 /* Library */ = {
			isa = PBXGroup;
			children = (
				A10002004 /* LibraryWindow.swift */,
				9F09AAD33B5DD0F4B37D50D7 /* FolderRow.swift */,
				A5B8F0625718DC1FB5B11915 /* CreateFolderSheet.swift */,
				9B99777057266A65C2DA21A6 /* StitchSheet.swift */,
				E5995C11C4373DCD98BC11A7 /* TagManager.swift */,
				E38B9F4C385C5B8C908DDAAC /* TagFilterView.swift */,
			);
			path = Library;
			sourceTree = "<group>";
		};
		A10005006 /* Player */ = {
			isa = PBXGroup;
			children = (
				A10002005 /* PlayerView.swift */,
				A10002018 /* NativePlayerView.swift */,
				8B3BD4E85C9A3307AC4DB577 /* TrimView.swift */,
				FFDEBDE922D4BAEF4661EF66 /* CutSpliceView.swift */,
				EC24AAAF50FB392D2C36351C /* ChapterView.swift */,
				71AB4284447814B1D09F3494 /* FillerWordSheet.swift */,
				A1C3D5E7F9B2A4C6E8D0F1A3 /* ShareSettingsSheet.swift */,
			);
			path = Player;
			sourceTree = "<group>";
		};
		A10005008 /* Overlay */ = {
			isa = PBXGroup;
			children = (
				A10002019 /* RecordingOverlay.swift */,
				A10009020 /* CountdownOverlay.swift */,
				A10009030 /* DisplayPicker.swift */,
				6F1B859C84CB7A44AFF4E3A9 /* AnnotationOverlay.swift */,
				97E6F160020DC12A67366CF7 /* AnnotationToolbar.swift */,
				E5F62201DF7112D57351F750 /* RegionSelector.swift */,
			);
			path = Overlay;
			sourceTree = "<group>";
		};
		A10005009 /* Panel */ = {
			isa = PBXGroup;
			children = (
				A10002021 /* ControlPanelView.swift */,
				A10002022 /* ControlPanelManager.swift */,
			);
			path = Panel;
			sourceTree = "<group>";
		};
		A10005010 /* Models */ = {
			isa = PBXGroup;
			children = (
				A10002007 /* Recording.swift */,
				5B957058D4314DA218DFFD92 /* Folder.swift */,
				1B3E7A3BC9AA6F788796145E /* Annotation.swift */,
			);
			path = Models;
			sourceTree = "<group>";
		};
		A10005011 /* Services */ = {
			isa = PBXGroup;
			children = (
				A10005012 /* Capture */,
				A10005013 /* Writing */,
				A10005014 /* Transcription */,
				A10005015 /* Storage */,
				A10005016 /* Sharing */,
				A10005021 /* TextAnalysis */,
				FCDFE53032F7A60C97860CFA /* Editing */,
				8F115A63A1F20CA2AFCC3D30 /* Export */,
				A10009080 /* GlobalHotkey.swift */,
			);
			path = Services;
			sourceTree = "<group>";
		};
		A10005012 /* Capture */ = {
			isa = PBXGroup;
			children = (
				A10002008 /* ScreenRecorder.swift */,
				A10002009 /* CameraCapture.swift */,
				A10002010 /* FrameCompositor.swift */,
				56901B55FB1EEE4EBA2A7900 /* CameraOnlyRecorder.swift */,
			);
			path = Capture;
			sourceTree = "<group>";
		};
		A10005013 /* Writing */ = {
			isa = PBXGroup;
			children = (
				A10002011 /* VideoWriter.swift */,
			);
			path = Writing;
			sourceTree = "<group>";
		};
		A10005014 /* Transcription */ = {
			isa = PBXGroup;
			children = (
				A10002012 /* TranscriptionService.swift */,
			);
			path = Transcription;
			sourceTree = "<group>";
		};
		A10005015 /* Storage */ = {
			isa = PBXGroup;
			children = (
				A10002013 /* RecordingStorage.swift */,
			);
			path = Storage;
			sourceTree = "<group>";
		};
		A10005016 /* Sharing */ = {
			isa = PBXGroup;
			children = (
				A10009050 /* ShareService.swift */,
				9C49C88AC1A93C0F59F95E4A /* ViewNotificationService.swift */,
				7A2C4E6F8B0D1E3F5A7C9B2D /* CloudflareDeployService.swift */,
			);
			path = Sharing;
			sourceTree = "<group>";
		};
		A10005021 /* TextAnalysis */ = {
			isa = PBXGroup;
			children = (
				A10009100 /* TextAnalysisService.swift */,
			);
			path = TextAnalysis;
			sourceTree = "<group>";
		};
		FCDFE53032F7A60C97860CFA /* Editing */ = {
			isa = PBXGroup;
			children = (
				14B6E44E75F934668CB951E8 /* VideoEditor.swift */,
				760E2E06DF8F442AB73F4B64 /* FillerWordDetector.swift */,
			);
			path = Editing;
			sourceTree = "<group>";
		};
		8F115A63A1F20CA2AFCC3D30 /* Export */ = {
			isa = PBXGroup;
			children = (
				5184F82573AAD949B103725A /* GIFExporter.swift */,
			);
			path = Export;
			sourceTree = "<group>";
		};
		A10005017 /* Settings */ = {
			isa = PBXGroup;
			children = (
				A10009060 /* SettingsView.swift */,
				C3E5A7B9D1F3A5C7E9B1D3F5 /* InlineSettingsView.swift */,
				C4D6E8F0A2B4C6D8E0F2A4B6 /* SelfHostSetupView.swift */,
			);
			path = Settings;
			sourceTree = "<group>";
		};
		A10005018 /* Onboarding */ = {
			isa = PBXGroup;
			children = (
				A10009070 /* OnboardingView.swift */,
			);
			path = Onboarding;
			sourceTree = "<group>";
		};
		A10005019 /* Components */ = {
			isa = PBXGroup;
			children = (
				A10009090 /* ToastOverlay.swift */,
			);
			path = Components;
			sourceTree = "<group>";
		};
		A10005020 /* Resources */ = {
			isa = PBXGroup;
			children = (
				A10002014 /* Assets.xcassets */,
				A10002015 /* Info.plist */,
				A10002016 /* Voom.entitlements */,
				E6F8A0B2C4D6E8F0A2B4C6D8 /* WorkerBundle */,
			);
			path = Resources;
			sourceTree = "<group>";
		};
		A10005099 /* Products */ = {
			isa = PBXGroup;
			children = (
				A10003000 /* Voom.app */,
			);
			name = Products;
			sourceTree = "<group>";
		};
/* End PBXGroup section */

/* Begin PBXNativeTarget section */
		A10006000 /* Voom */ = {
			isa = PBXNativeTarget;
			buildConfigurationList = A10008000 /* Build configuration list for PBXNativeTarget "Voom" */;
			buildPhases = (
				A10006001 /* Sources */,
				A10004000 /* Frameworks */,
				A10006002 /* Resources */,
			);
			buildRules = (
			);
			dependencies = (
			);
			name = Voom;
			packageProductDependencies = (
				A10009001 /* WhisperKit */,
				A10009011 /* Sparkle */,
			);
			productName = Voom;
			productReference = A10003000 /* Voom.app */;
			productType = "com.apple.product-type.application";
		};
/* End PBXNativeTarget section */

/* Begin PBXProject section */
		A10007000 /* Project object */ = {
			isa = PBXProject;
			attributes = {
				BuildIndependentTargetsInParallel = 1;
				LastSwiftUpdateCheck = 1600;
				LastUpgradeCheck = 1600;
				TargetAttributes = {
					A10006000 = {
						CreatedOnToolsVersion = 16.0;
					};
				};
			};
			buildConfigurationList = A10008002 /* Build configuration list for PBXProject "Voom" */;
			compatibilityVersion = "Xcode 15.0";
			developmentRegion = en;
			hasScannedForEncodings = 0;
			knownRegions = (
				en,
				Base,
			);
			mainGroup = A10005000;
			packageReferences = (
				A10009000 /* XCRemoteSwiftPackageReference "WhisperKit" */,
				A10009012 /* XCRemoteSwiftPackageReference "Sparkle" */,
			);
			productRefGroup = A10005099 /* Products */;
			projectDirPath = "";
			projectRoot = "";
			targets = (
				A10006000 /* Voom */,
			);
		};
/* End PBXProject section */

/* Begin PBXResourcesBuildPhase section */
		A10006002 /* Resources */ = {
			isa = PBXResourcesBuildPhase;
			buildActionMask = 2147483647;
			files = (
				A10001014 /* Assets.xcassets in Resources */,
				F7A9B1C3D5E7F9A1B3C5D7E9 /* WorkerBundle in Resources */,
			);
			runOnlyForDeploymentPostprocessing = 0;
		};
/* End PBXResourcesBuildPhase section */

/* Begin PBXSourcesBuildPhase section */
		A10006001 /* Sources */ = {
			isa = PBXSourcesBuildPhase;
			buildActionMask = 2147483647;
			files = (
				A10001001 /* VoomApp.swift in Sources */,
				A10001002 /* AppState.swift in Sources */,
				A10001018 /* AppDelegate.swift in Sources */,
				A10001019 /* ControlPanelView.swift in Sources */,
				A10001020 /* ControlPanelManager.swift in Sources */,
				A10001004 /* LibraryWindow.swift in Sources */,
				A10001005 /* PlayerView.swift in Sources */,
				A10001007 /* Recording.swift in Sources */,
				A10001008 /* ScreenRecorder.swift in Sources */,
				A10001009 /* CameraCapture.swift in Sources */,
				A10001010 /* FrameCompositor.swift in Sources */,
				A10001011 /* VideoWriter.swift in Sources */,
				A10001012 /* TranscriptionService.swift in Sources */,
				A10001013 /* RecordingStorage.swift in Sources */,
				A10001015 /* CameraPreviewView.swift in Sources */,
				A10001016 /* NativePlayerView.swift in Sources */,
				A10001017 /* RecordingOverlay.swift in Sources */,
				A10009021 /* CountdownOverlay.swift in Sources */,
				A10009031 /* DisplayPicker.swift in Sources */,
				A10009041 /* Theme.swift in Sources */,
				A10009051 /* ShareService.swift in Sources */,
				A10009061 /* SettingsView.swift in Sources */,
				D4F6B8C0E2A4D6F8B0C2E4A6 /* InlineSettingsView.swift in Sources */,
				A10009071 /* OnboardingView.swift in Sources */,
				A10009081 /* GlobalHotkey.swift in Sources */,
				A10009091 /* ToastOverlay.swift in Sources */,
				A10009101 /* TextAnalysisService.swift in Sources */,
				042557EE8F2A4F204E1B08B3 /* Folder.swift in Sources */,
				C88E3E9D6252C0246E669B2B /* Annotation.swift in Sources */,
				950B9DDF70673E1EF79B2592 /* CameraOnlyRecorder.swift in Sources */,
				F639D7279356240701F64776 /* VideoEditor.swift in Sources */,
				F03AC56DDBB86EFDA3A43C76 /* FillerWordDetector.swift in Sources */,
				CA29E40CFDDC9649D3649113 /* GIFExporter.swift in Sources */,
				D529D177BB0E6B53CFC49D9A /* ViewNotificationService.swift in Sources */,
				B04B8D5B0A0DCCE2E6FAAE1A /* AnnotationOverlay.swift in Sources */,
				64D86073DFD9D7EC9CA27E05 /* AnnotationToolbar.swift in Sources */,
				EB5D182176B346C35EA148E9 /* RegionSelector.swift in Sources */,
				1056F2812BC517F06659A708 /* TrimView.swift in Sources */,
				5F958621AEBCB1F0EE222894 /* CutSpliceView.swift in Sources */,
				AB52FEA7E24C83286D60D0E0 /* ChapterView.swift in Sources */,
				E14BCD5FB42BE4CD9C358BAA /* FillerWordSheet.swift in Sources */,
				B2D4F6A8C0E2D4F6A8B0C2E4 /* ShareSettingsSheet.swift in Sources */,
				36882B0EA506A4CD702A8DD7 /* FolderRow.swift in Sources */,
				3583B5CB28528F88B818C029 /* CreateFolderSheet.swift in Sources */,
				EB030D819B4963073A112855 /* StitchSheet.swift in Sources */,
				B3E119C1C2816FBCD6EE077F /* TagManager.swift in Sources */,
				BB1E82A02048325BF6FDB3C1 /* TagFilterView.swift in Sources */,
				8B3D5F7A9C1E2D4F6B8A0C3E /* CloudflareDeployService.swift in Sources */,
				D5E7F9A1B3C5D7E9F1A3B5C7 /* SelfHostSetupView.swift in Sources */,
			);
			runOnlyForDeploymentPostprocessing = 0;
		};
/* End PBXSourcesBuildPhase section */

/* Begin XCBuildConfiguration section */
		A10008003 /* Debug */ = {
			isa = XCBuildConfiguration;
			buildSettings = {
				ALWAYS_SEARCH_USER_PATHS = NO;
				ASSETCATALOG_COMPILER_GENERATE_SWIFT_ASSET_SYMBOL_EXTENSIONS = YES;
				CLANG_ANALYZER_NONNULL = YES;
				CLANG_ANALYZER_NUMBER_OBJECT_CONVERSION = YES_AGGRESSIVE;
				CLANG_CXX_LANGUAGE_STANDARD = "gnu++20";
				CLANG_ENABLE_MODULES = YES;
				CLANG_ENABLE_OBJC_ARC = YES;
				CLANG_ENABLE_OBJC_WEAK = YES;
				CLANG_WARN_BLOCK_CAPTURE_AUTORELEASING = YES;
				CLANG_WARN_BOOL_CONVERSION = YES;
				CLANG_WARN_COMMA = YES;
				CLANG_WARN_CONSTANT_CONVERSION = YES;
				CLANG_WARN_DEPRECATED_OBJC_IMPLEMENTATIONS = YES;
				CLANG_WARN_DIRECT_OBJC_ISA_USAGE = YES_ERROR;
				CLANG_WARN_DOCUMENTATION_COMMENTS = YES;
				CLANG_WARN_EMPTY_BODY = YES;
				CLANG_WARN_ENUM_CONVERSION = YES;
				CLANG_WARN_INFINITE_RECURSION = YES;
				CLANG_WARN_INT_CONVERSION = YES;
				CLANG_WARN_NON_LITERAL_NULL_CONVERSION = YES;
				CLANG_WARN_OBJC_IMPLICIT_RETAIN_SELF = YES;
				CLANG_WARN_OBJC_LITERAL_CONVERSION = YES;
				CLANG_WARN_OBJC_ROOT_CLASS = YES_ERROR;
				CLANG_WARN_QUOTED_INCLUDE_IN_FRAMEWORK_HEADER = YES;
				CLANG_WARN_RANGE_LOOP_ANALYSIS = YES;
				CLANG_WARN_STRICT_PROTOTYPES = YES;
				CLANG_WARN_SUSPICIOUS_MOVE = YES;
				CLANG_WARN_UNGUARDED_AVAILABILITY = YES_AGGRESSIVE;
				CLANG_WARN_UNREACHABLE_CODE = YES;
				CLANG_WARN__DUPLICATE_METHOD_MATCH = YES;
				COPY_PHASE_STRIP = NO;
				DEBUG_INFORMATION_FORMAT = dwarf;
				ENABLE_STRICT_OBJC_MSGSEND = YES;
				ENABLE_TESTABILITY = YES;
				ENABLE_USER_SCRIPT_SANDBOXING = YES;
				GCC_C_LANGUAGE_STANDARD = gnu17;
				GCC_DYNAMIC_NO_PIC = NO;
				GCC_NO_COMMON_BLOCKS = YES;
				GCC_OPTIMIZATION_LEVEL = 0;
				GCC_PREPROCESSOR_DEFINITIONS = (
					"DEBUG=1",
					"$(inherited)",
				);
				GCC_WARN_64_TO_32_BIT_CONVERSION = YES;
				GCC_WARN_ABOUT_RETURN_TYPE = YES_ERROR;
				GCC_WARN_UNDECLARED_SELECTOR = YES;
				GCC_WARN_UNINITIALIZED_AUTOS = YES_AGGRESSIVE;
				GCC_WARN_UNUSED_FUNCTION = YES;
				GCC_WARN_UNUSED_VARIABLE = YES;
				MACOSX_DEPLOYMENT_TARGET = 15.0;
				MTL_ENABLE_DEBUG_INFO = INCLUDE_SOURCE;
				MTL_FAST_MATH = YES;
				ONLY_ACTIVE_ARCH = YES;
				SDKROOT = macosx;
				SWIFT_ACTIVE_COMPILATION_CONDITIONS = "DEBUG $(inherited)";
				SWIFT_OPTIMIZATION_LEVEL = "-Onone";
				SWIFT_VERSION = 6.0;
			};
			name = Debug;
		};
		A10008004 /* Release */ = {
			isa = XCBuildConfiguration;
			buildSettings = {
				ALWAYS_SEARCH_USER_PATHS = NO;
				ASSETCATALOG_COMPILER_GENERATE_SWIFT_ASSET_SYMBOL_EXTENSIONS = YES;
				CLANG_ANALYZER_NONNULL = YES;
				CLANG_ANALYZER_NUMBER_OBJECT_CONVERSION = YES_AGGRESSIVE;
				CLANG_CXX_LANGUAGE_STANDARD = "gnu++20";
				CLANG_ENABLE_MODULES = YES;
				CLANG_ENABLE_OBJC_ARC = YES;
				CLANG_ENABLE_OBJC_WEAK = YES;
				CLANG_WARN_BLOCK_CAPTURE_AUTORELEASING = YES;
				CLANG_WARN_BOOL_CONVERSION = YES;
				CLANG_WARN_COMMA = YES;
				CLANG_WARN_CONSTANT_CONVERSION = YES;
				CLANG_WARN_DEPRECATED_OBJC_IMPLEMENTATIONS = YES;
				CLANG_WARN_DIRECT_OBJC_ISA_USAGE = YES_ERROR;
				CLANG_WARN_DOCUMENTATION_COMMENTS = YES;
				CLANG_WARN_EMPTY_BODY = YES;
				CLANG_WARN_ENUM_CONVERSION = YES;
				CLANG_WARN_INFINITE_RECURSION = YES;
				CLANG_WARN_INT_CONVERSION = YES;
				CLANG_WARN_NON_LITERAL_NULL_CONVERSION = YES;
				CLANG_WARN_OBJC_IMPLICIT_RETAIN_SELF = YES;
				CLANG_WARN_OBJC_LITERAL_CONVERSION = YES;
				CLANG_WARN_OBJC_ROOT_CLASS = YES_ERROR;
				CLANG_WARN_QUOTED_INCLUDE_IN_FRAMEWORK_HEADER = YES;
				CLANG_WARN_RANGE_LOOP_ANALYSIS = YES;
				CLANG_WARN_STRICT_PROTOTYPES = YES;
				CLANG_WARN_SUSPICIOUS_MOVE = YES;
				CLANG_WARN_UNGUARDED_AVAILABILITY = YES_AGGRESSIVE;
				CLANG_WARN_UNREACHABLE_CODE = YES;
				CLANG_WARN__DUPLICATE_METHOD_MATCH = YES;
				COPY_PHASE_STRIP = NO;
				DEBUG_INFORMATION_FORMAT = "dwarf-with-dsym";
				ENABLE_NS_ASSERTIONS = NO;
				ENABLE_STRICT_OBJC_MSGSEND = YES;
				ENABLE_USER_SCRIPT_SANDBOXING = YES;
				GCC_C_LANGUAGE_STANDARD = gnu17;
				GCC_NO_COMMON_BLOCKS = YES;
				GCC_WARN_64_TO_32_BIT_CONVERSION = YES;
				GCC_WARN_ABOUT_RETURN_TYPE = YES_ERROR;
				GCC_WARN_UNDECLARED_SELECTOR = YES;
				GCC_WARN_UNINITIALIZED_AUTOS = YES_AGGRESSIVE;
				GCC_WARN_UNUSED_FUNCTION = YES;
				GCC_WARN_UNUSED_VARIABLE = YES;
				MACOSX_DEPLOYMENT_TARGET = 15.0;
				MTL_ENABLE_DEBUG_INFO = NO;
				MTL_FAST_MATH = YES;
				SDKROOT = macosx;
				SWIFT_COMPILATION_MODE = wholemodule;
				SWIFT_VERSION = 6.0;
			};
			name = Release;
		};
		A10008005 /* Debug */ = {
			isa = XCBuildConfiguration;
			buildSettings = {
				ASSETCATALOG_COMPILER_APPICON_NAME = AppIcon;
				ASSETCATALOG_COMPILER_GLOBAL_ACCENT_COLOR_NAME = AccentColor;
				CODE_SIGN_ENTITLEMENTS = Voom/Resources/Voom.entitlements;
				CODE_SIGN_IDENTITY = "Apple Development";
				CODE_SIGN_STYLE = Automatic;
				COMBINE_HIDPI_IMAGES = YES;
				CURRENT_PROJECT_VERSION = 1;
				DEVELOPMENT_ASSET_PATHS = "";
				DEVELOPMENT_TEAM = 2J3WW2KWBU;
				ENABLE_HARDENED_RUNTIME = NO;
				GENERATE_INFOPLIST_FILE = YES;
				INFOPLIST_FILE = Voom/Resources/Info.plist;
				INFOPLIST_KEY_LSApplicationCategoryType = "public.app-category.productivity";
				INFOPLIST_KEY_LSUIElement = YES;
				INFOPLIST_KEY_NSCameraUsageDescription = "Voom needs camera access to record webcam overlay in your screen recordings.";
				INFOPLIST_KEY_NSMicrophoneUsageDescription = "Voom needs microphone access to record audio narration in your screen recordings.";
				LD_RUNPATH_SEARCH_PATHS = (
					"$(inherited)",
					"@executable_path/../Frameworks",
				);
				MARKETING_VERSION = 2.7.1;
				PRODUCT_BUNDLE_IDENTIFIER = com.voom.app.debug;
				PRODUCT_NAME = "Voom Debug";
				PROVISIONING_PROFILE_SPECIFIER = "";
				SWIFT_EMIT_LOC_STRINGS = YES;
				SWIFT_STRICT_CONCURRENCY = targeted;
				SWIFT_VERSION = 6.0;
			};
			name = Debug;
		};
		A10008006 /* Release */ = {
			isa = XCBuildConfiguration;
			buildSettings = {
				ASSETCATALOG_COMPILER_APPICON_NAME = AppIcon;
				ASSETCATALOG_COMPILER_GLOBAL_ACCENT_COLOR_NAME = AccentColor;
				CODE_SIGN_ENTITLEMENTS = Voom/Resources/Voom.entitlements;
				CODE_SIGN_IDENTITY = "Apple Development";
				CODE_SIGN_STYLE = Automatic;
				COMBINE_HIDPI_IMAGES = YES;
				CURRENT_PROJECT_VERSION = 1;
				DEVELOPMENT_ASSET_PATHS = "";
				DEVELOPMENT_TEAM = 2J3WW2KWBU;
				ENABLE_HARDENED_RUNTIME = NO;
				GENERATE_INFOPLIST_FILE = YES;
				INFOPLIST_FILE = Voom/Resources/Info.plist;
				INFOPLIST_KEY_LSApplicationCategoryType = "public.app-category.productivity";
				INFOPLIST_KEY_LSUIElement = YES;
				INFOPLIST_KEY_NSCameraUsageDescription = "Voom needs camera access to record webcam overlay in your screen recordings.";
				INFOPLIST_KEY_NSMicrophoneUsageDescription = "Voom needs microphone access to record audio narration in your screen recordings.";
				LD_RUNPATH_SEARCH_PATHS = (
					"$(inherited)",
					"@executable_path/../Frameworks",
				);
				MARKETING_VERSION = 2.7.1;
				PRODUCT_BUNDLE_IDENTIFIER = com.voom.app;
				PRODUCT_NAME = "$(TARGET_NAME)";
				PROVISIONING_PROFILE_SPECIFIER = "";
				SWIFT_EMIT_LOC_STRINGS = YES;
				SWIFT_STRICT_CONCURRENCY = targeted;
				SWIFT_VERSION = 6.0;
			};
			name = Release;
		};
/* End XCBuildConfiguration section */

/* Begin XCConfigurationList section */
		A10008000 /* Build configuration list for PBXNativeTarget "Voom" */ = {
			isa = XCConfigurationList;
			buildConfigurations = (
				A10008005 /* Debug */,
				A10008006 /* Release */,
			);
			defaultConfigurationIsVisible = 0;
			defaultConfigurationName = Release;
		};
		A10008002 /* Build configuration list for PBXProject "Voom" */ = {
			isa = XCConfigurationList;
			buildConfigurations = (
				A10008003 /* Debug */,
				A10008004 /* Release */,
			);
			defaultConfigurationIsVisible = 0;
			defaultConfigurationName = Release;
		};
/* End XCConfigurationList section */

/* Begin XCRemoteSwiftPackageReference section */
		A10009000 /* XCRemoteSwiftPackageReference "WhisperKit" */ = {
			isa = XCRemoteSwiftPackageReference;
			repositoryURL = "https://github.com/argmaxinc/WhisperKit.git";
			requirement = {
				kind = upToNextMajorVersion;
				minimumVersion = 0.9.0;
			};
		};
		A10009012 /* XCRemoteSwiftPackageReference "Sparkle" */ = {
			isa = XCRemoteSwiftPackageReference;
			repositoryURL = "https://github.com/sparkle-project/Sparkle.git";
			requirement = {
				kind = upToNextMajorVersion;
				minimumVersion = 2.0.0;
			};
		};
/* End XCRemoteSwiftPackageReference section */

/* Begin XCSwiftPackageProductDependency section */
		A10009001 /* WhisperKit */ = {
			isa = XCSwiftPackageProductDependency;
			package = A10009000 /* XCRemoteSwiftPackageReference "WhisperKit" */;
			productName = WhisperKit;
		};
		A10009011 /* Sparkle */ = {
			isa = XCSwiftPackageProductDependency;
			package = A10009012 /* XCRemoteSwiftPackageReference "Sparkle" */;
			productName = Sparkle;
		};
/* End XCSwiftPackageProductDependency section */
	};
	rootObject = A10007000 /* Project object */;
}
