{
  "originHash" : "e0eda48f9b5c67e700a9e0f17c4a943c7c37cd6ec8af297f31511482334025f5",
  "pins" : [
    {
      "identity" : "fluidaudio",
      "kind" : "remoteSourceControl",
      "location" : "https://github.com/FluidInference/FluidAudio.git",
      "state" : {
        "revision" : "7f963cdc43ba89c5993654f1e138047d517a818d",
        "version" : "0.15.2"
      }
    }
  ],
  "version" : 3
}
