{
  "originHash" : "d46ab20302c93a681e87b7c93a25d6b814b766703e8c8e9dccce529a373c7bc9",
  "pins" : [
    {
      "identity" : "fluidaudio",
      "kind" : "remoteSourceControl",
      "location" : "https://github.com/FluidInference/FluidAudio.git",
      "state" : {
        "revision" : "5c51c5c93afff0d89594a2a93c3103e790ba648c",
        "version" : "0.17.1"
      }
    }
  ],
  "version" : 3
}
