{
  "originHash" : "942c46b0f82fcde6501883912a092f50f84127279ba70d54e1793fc7145d7aa0",
  "pins" : [
    {
      "identity" : "fluidaudio",
      "kind" : "remoteSourceControl",
      "location" : "https://github.com/FluidInference/FluidAudio.git",
      "state" : {
        "revision" : "5c51c5c93afff0d89594a2a93c3103e790ba648c",
        "version" : "0.17.1"
      }
    }
  ],
  "version" : 3
}
