{
  "originHash" : "942c46b0f82fcde6501883912a092f50f84127279ba70d54e1793fc7145d7aa0",
  "pins" : [
    {
      "identity" : "fluidaudio",
      "kind" : "remoteSourceControl",
      "location" : "https://github.com/FluidInference/FluidAudio.git",
      "state" : {
        "revision" : "0b1f46289fe27d95b5e66ad8be46e64f5ee02ae7",
        "version" : "0.17.5"
      }
    }
  ],
  "version" : 3
}
